
Microsoft Visual Studio Solution File, Format Version 11.00
# Visual Studio 2010
Project("{FAE04EC0-301F-11D3-BF4B-00C04F79EFBC}") = "CBLabs.CybozuConnect", "CBLabs.CybozuConnect\CBLabs.CybozuConnect.csproj", "{31BA1314-7832-4230-AD26-4368BB240121}"
EndProject
Project("{FAE04EC0-301F-11D3-BF4B-00C04F79EFBC}") = "Cybozu.CrossSync", "Cybozu.CrossSync\Cybozu.CrossSync.csproj", "{D7F61698-8304-4372-A84E-231358EC6AF7}"
EndProject
Project("{54435603-DBB4-11D2-8724-00A0C9A8B90C}") = "Cybozu.CrossSync Setup", "Cybozu.CrossSync Setup\Cybozu.CrossSync Setup.vdproj", "{947768DB-62E8-4E03-A125-43B113F746FB}"
EndProject
Global
	GlobalSection(SolutionConfigurationPlatforms) = preSolution
		Debug|Any CPU = Debug|Any CPU
		Debug|Mixed Platforms = Debug|Mixed Platforms
		Debug|x86 = Debug|x86
		Release|Any CPU = Release|Any CPU
		Release|Mixed Platforms = Release|Mixed Platforms
		Release|x86 = Release|x86
	EndGlobalSection
	GlobalSection(ProjectConfigurationPlatforms) = postSolution
		{31BA1314-7832-4230-AD26-4368BB240121}.Debug|Any CPU.ActiveCfg = Debug|Any CPU
		{31BA1314-7832-4230-AD26-4368BB240121}.Debug|Any CPU.Build.0 = Debug|Any CPU
		{31BA1314-7832-4230-AD26-4368BB240121}.Debug|Mixed Platforms.ActiveCfg = Debug|Any CPU
		{31BA1314-7832-4230-AD26-4368BB240121}.Debug|Mixed Platforms.Build.0 = Debug|Any CPU
		{31BA1314-7832-4230-AD26-4368BB240121}.Debug|x86.ActiveCfg = Debug|Any CPU
		{31BA1314-7832-4230-AD26-4368BB240121}.Release|Any CPU.ActiveCfg = Release|Any CPU
		{31BA1314-7832-4230-AD26-4368BB240121}.Release|Any CPU.Build.0 = Release|Any CPU
		{31BA1314-7832-4230-AD26-4368BB240121}.Release|Mixed Platforms.ActiveCfg = Release|Any CPU
		{31BA1314-7832-4230-AD26-4368BB240121}.Release|Mixed Platforms.Build.0 = Release|Any CPU
		{31BA1314-7832-4230-AD26-4368BB240121}.Release|x86.ActiveCfg = Release|Any CPU
		{D7F61698-8304-4372-A84E-231358EC6AF7}.Debug|Any CPU.ActiveCfg = Debug|x86
		{D7F61698-8304-4372-A84E-231358EC6AF7}.Debug|Mixed Platforms.ActiveCfg = Debug|x86
		{D7F61698-8304-4372-A84E-231358EC6AF7}.Debug|Mixed Platforms.Build.0 = Debug|x86
		{D7F61698-8304-4372-A84E-231358EC6AF7}.Debug|x86.ActiveCfg = Debug|x86
		{D7F61698-8304-4372-A84E-231358EC6AF7}.Debug|x86.Build.0 = Debug|x86
		{D7F61698-8304-4372-A84E-231358EC6AF7}.Release|Any CPU.ActiveCfg = Release|x86
		{D7F61698-8304-4372-A84E-231358EC6AF7}.Release|Mixed Platforms.ActiveCfg = Release|x86
		{D7F61698-8304-4372-A84E-231358EC6AF7}.Release|Mixed Platforms.Build.0 = Release|x86
		{D7F61698-8304-4372-A84E-231358EC6AF7}.Release|x86.ActiveCfg = Release|x86
		{D7F61698-8304-4372-A84E-231358EC6AF7}.Release|x86.Build.0 = Release|x86
		{947768DB-62E8-4E03-A125-43B113F746FB}.Debug|Any CPU.ActiveCfg = Debug
		{947768DB-62E8-4E03-A125-43B113F746FB}.Debug|Mixed Platforms.ActiveCfg = Debug
		{947768DB-62E8-4E03-A125-43B113F746FB}.Debug|x86.ActiveCfg = Debug
		{947768DB-62E8-4E03-A125-43B113F746FB}.Release|Any CPU.ActiveCfg = Release
		{947768DB-62E8-4E03-A125-43B113F746FB}.Release|Mixed Platforms.ActiveCfg = Release
		{947768DB-62E8-4E03-A125-43B113F746FB}.Release|x86.ActiveCfg = Release
	EndGlobalSection
	GlobalSection(SolutionProperties) = preSolution
		HideSolutionNode = FALSE
	EndGlobalSection
EndGlobal
